{
  "name": "cache",
  "version": "3.0.0",
  "lockfileVersion": 2,
  "requires": true,
  "packages": {
    "": {
      "name": "cache",
      "version": "3.0.0",
      "license": "ISC",
      "dependencies": {
        "ds": "^1.4.2"
      }
    },
    "node_modules/ds": {
      "version": "1.4.2",
      "resolved": "https://registry.npmjs.org/ds/-/ds-1.4.2.tgz",
      "integrity": "sha512-d5nMCjfod+srvE/1Bnt/u+L++6N8KJx3ZAi95AGp0g6RtfuGDNlGciWL/iiwKHsFVBVnA3/HEFUq5SW1NgTQ3Q=="
    }
  },
  "dependencies": {
    "ds": {
      "version": "1.4.2",
      "resolved": "https://registry.npmjs.org/ds/-/ds-1.4.2.tgz",
      "integrity": "sha512-d5nMCjfod+srvE/1Bnt/u+L++6N8KJx3ZAi95AGp0g6RtfuGDNlGciWL/iiwKHsFVBVnA3/HEFUq5SW1NgTQ3Q=="
    }
  }
}
